
Microsoft Visual Studio Solution File, Format Version 12.00
# Visual Studio 15
VisualStudioVersion = 15.0.27703.2026
MinimumVisualStudioVersion = 10.0.40219.1
Project("{FAE04EC0-301F-11D3-BF4B-00C04F79EFBC}") = "ImageStoreAndAnalyze", "ImageStoreAndAnalyze\ImageStoreAndAnalyze.csproj", "{419B6D92-8BCF-4F95-8937-4038A9848B24}"
EndProject
Global
	GlobalSection(SolutionConfigurationPlatforms) = preSolution
		Debug|Any CPU = Debug|Any CPU
		Release|Any CPU = Release|Any CPU
	EndGlobalSection
	GlobalSection(ProjectConfigurationPlatforms) = postSolution
		{419B6D92-8BCF-4F95-8937-4038A9848B24}.Debug|Any CPU.ActiveCfg = Debug|Any CPU
		{419B6D92-8BCF-4F95-8937-4038A9848B24}.Debug|Any CPU.Build.0 = Debug|Any CPU
		{419B6D92-8BCF-4F95-8937-4038A9848B24}.Release|Any CPU.ActiveCfg = Release|Any CPU
		{419B6D92-8BCF-4F95-8937-4038A9848B24}.Release|Any CPU.Build.0 = Release|Any CPU
	EndGlobalSection
	GlobalSection(SolutionProperties) = preSolution
		HideSolutionNode = FALSE
	EndGlobalSection
	GlobalSection(ExtensibilityGlobals) = postSolution
		SolutionGuid = {64A8FE10-3C67-4438-A730-A37CE76FC98B}
	EndGlobalSection
EndGlobal
